// !$*UTF8*$!
{
	archiveVersion = 1;
	classes = {
	};
	objectVersion = 56;
	objects = {

/* Begin PBXBuildFile section */
		F5B2BE9F2B833F63008E6FC7 /* DetailViewController.swift in Sources */ = {isa = PBXBuildFile; fileRef = F5B2BE9E2B833F63008E6FC7 /* DetailViewController.swift */; };
		F5D527D62B831785008A0335 /* AppDelegate.swift in Sources */ = {isa = PBXBuildFile; fileRef = F5D527D52B831785008A0335 /* AppDelegate.swift */; };
		F5D527D82B831785008A0335 /* SceneDelegate.swift in Sources */ = {isa = PBXBuildFile; fileRef = F5D527D72B831785008A0335 /* SceneDelegate.swift */; };
		F5D527DA2B831785008A0335 /* ViewController.swift in Sources */ = {isa = PBXBuildFile; fileRef = F5D527D92B831785008A0335 /* ViewController.swift */; };
		F5D527DD2B831785008A0335 /* Main.storyboard in Resources */ = {isa = PBXBuildFile; fileRef = F5D527DB2B831785008A0335 /* Main.storyboard */; };
		F5D527DF2B831786008A0335 /* Assets.xcassets in Resources */ = {isa = PBXBuildFile; fileRef = F5D527DE2B831786008A0335 /* Assets.xcassets */; };
		F5D527E22B831786008A0335 /* LaunchScreen.storyboard in Resources */ = {isa = PBXBuildFile; fileRef = F5D527E02B831786008A0335 /* LaunchScreen.storyboard */; };
		F5D527EF2B831A7D008A0335 /* CustomProgressSlider.swift in Sources */ = {isa = PBXBuildFile; fileRef = F5D527EE2B831A7D008A0335 /* CustomProgressSlider.swift */; };
		F5D527F12B831A89008A0335 /* PlayerView.swift in Sources */ = {isa = PBXBuildFile; fileRef = F5D527F02B831A89008A0335 /* PlayerView.swift */; };
		F5D527F32B831AA6008A0335 /* YTFAnimation.swift in Sources */ = {isa = PBXBuildFile; fileRef = F5D527F22B831AA6008A0335 /* YTFAnimation.swift */; };
		F5D527F52B831AD4008A0335 /* YTFPlayerControls.swift in Sources */ = {isa = PBXBuildFile; fileRef = F5D527F42B831AD4008A0335 /* YTFPlayerControls.swift */; };
		F5D527F72B831AEF008A0335 /* YTFPopupCloseButton.swift in Sources */ = {isa = PBXBuildFile; fileRef = F5D527F62B831AEF008A0335 /* YTFPopupCloseButton.swift */; };
		F5D527F92B831B03008A0335 /* YTFPlayer.swift in Sources */ = {isa = PBXBuildFile; fileRef = F5D527F82B831B03008A0335 /* YTFPlayer.swift */; };
		F5D527FB2B831B1A008A0335 /* YTFViewController.swift in Sources */ = {isa = PBXBuildFile; fileRef = F5D527FA2B831B1A008A0335 /* YTFViewController.swift */; };
		F5D527FD2B831C13008A0335 /* YTFViewController.xib in Resources */ = {isa = PBXBuildFile; fileRef = F5D527FC2B831C13008A0335 /* YTFViewController.xib */; };
		F5D528012B831D92008A0335 /* VideoCell.swift in Sources */ = {isa = PBXBuildFile; fileRef = F5D527FF2B831D92008A0335 /* VideoCell.swift */; };
		F5D528022B831D92008A0335 /* VideoCell.xib in Resources */ = {isa = PBXBuildFile; fileRef = F5D528002B831D92008A0335 /* VideoCell.xib */; };
		F5D528052B831DD5008A0335 /* Video.swift in Sources */ = {isa = PBXBuildFile; fileRef = F5D528042B831DD5008A0335 /* Video.swift */; };
		F5D5280A2B8327EF008A0335 /* MovieCollectionViewCell.xib in Resources */ = {isa = PBXBuildFile; fileRef = F5D528082B8327EF008A0335 /* MovieCollectionViewCell.xib */; };
		F5D5280B2B8327EF008A0335 /* MovieCollectionViewCell.swift in Sources */ = {isa = PBXBuildFile; fileRef = F5D528092B8327EF008A0335 /* MovieCollectionViewCell.swift */; };
		F5D528132B832973008A0335 /* ReuseableHeaderView.swift in Sources */ = {isa = PBXBuildFile; fileRef = F5D528112B832973008A0335 /* ReuseableHeaderView.swift */; };
		F5D528142B832973008A0335 /* ReuseableHeaderView.xib in Resources */ = {isa = PBXBuildFile; fileRef = F5D528122B832973008A0335 /* ReuseableHeaderView.xib */; };
/* End PBXBuildFile section */

/* Begin PBXFileReference section */
		F5B2BE9E2B833F63008E6FC7 /* DetailViewController.swift */ = {isa = PBXFileReference; lastKnownFileType = sourcecode.swift; path = DetailViewController.swift; sourceTree = "<group>"; };
		F5D527D22B831785008A0335 /* DraggableFloatingVideoPlayerSwift.app */ = {isa = PBXFileReference; explicitFileType = wrapper.application; includeInIndex = 0; path = DraggableFloatingVideoPlayerSwift.app; sourceTree = BUILT_PRODUCTS_DIR; };
		F5D527D52B831785008A0335 /* AppDelegate.swift */ = {isa = PBXFileReference; lastKnownFileType = sourcecode.swift; path = AppDelegate.swift; sourceTree = "<group>"; };
		F5D527D72B831785008A0335 /* SceneDelegate.swift */ = {isa = PBXFileReference; lastKnownFileType = sourcecode.swift; path = SceneDelegate.swift; sourceTree = "<group>"; };
		F5D527D92B831785008A0335 /* ViewController.swift */ = {isa = PBXFileReference; lastKnownFileType = sourcecode.swift; path = ViewController.swift; sourceTree = "<group>"; };
		F5D527DC2B831785008A0335 /* Base */ = {isa = PBXFileReference; lastKnownFileType = file.storyboard; name = Base; path = Base.lproj/Main.storyboard; sourceTree = "<group>"; };
		F5D527DE2B831786008A0335 /* Assets.xcassets */ = {isa = PBXFileReference; lastKnownFileType = folder.assetcatalog; path = Assets.xcassets; sourceTree = "<group>"; };
		F5D527E12B831786008A0335 /* Base */ = {isa = PBXFileReference; lastKnownFileType = file.storyboard; name = Base; path = Base.lproj/LaunchScreen.storyboard; sourceTree = "<group>"; };
		F5D527E32B831786008A0335 /* Info.plist */ = {isa = PBXFileReference; lastKnownFileType = text.plist.xml; path = Info.plist; sourceTree = "<group>"; };
		F5D527EE2B831A7D008A0335 /* CustomProgressSlider.swift */ = {isa = PBXFileReference; lastKnownFileType = sourcecode.swift; path = CustomProgressSlider.swift; sourceTree = "<group>"; };
		F5D527F02B831A89008A0335 /* PlayerView.swift */ = {isa = PBXFileReference; lastKnownFileType = sourcecode.swift; path = PlayerView.swift; sourceTree = "<group>"; };
		F5D527F22B831AA6008A0335 /* YTFAnimation.swift */ = {isa = PBXFileReference; lastKnownFileType = sourcecode.swift; path = YTFAnimation.swift; sourceTree = "<group>"; };
		F5D527F42B831AD4008A0335 /* YTFPlayerControls.swift */ = {isa = PBXFileReference; lastKnownFileType = sourcecode.swift; path = YTFPlayerControls.swift; sourceTree = "<group>"; };
		F5D527F62B831AEF008A0335 /* YTFPopupCloseButton.swift */ = {isa = PBXFileReference; lastKnownFileType = sourcecode.swift; path = YTFPopupCloseButton.swift; sourceTree = "<group>"; };
		F5D527F82B831B03008A0335 /* YTFPlayer.swift */ = {isa = PBXFileReference; lastKnownFileType = sourcecode.swift; path = YTFPlayer.swift; sourceTree = "<group>"; };
		F5D527FA2B831B1A008A0335 /* YTFViewController.swift */ = {isa = PBXFileReference; lastKnownFileType = sourcecode.swift; path = YTFViewController.swift; sourceTree = "<group>"; };
		F5D527FC2B831C13008A0335 /* YTFViewController.xib */ = {isa = PBXFileReference; fileEncoding = 4; lastKnownFileType = file.xib; path = YTFViewController.xib; sourceTree = "<group>"; };
		F5D527FF2B831D92008A0335 /* VideoCell.swift */ = {isa = PBXFileReference; fileEncoding = 4; lastKnownFileType = sourcecode.swift; path = VideoCell.swift; sourceTree = "<group>"; };
		F5D528002B831D92008A0335 /* VideoCell.xib */ = {isa = PBXFileReference; fileEncoding = 4; lastKnownFileType = file.xib; path = VideoCell.xib; sourceTree = "<group>"; };
		F5D528042B831DD5008A0335 /* Video.swift */ = {isa = PBXFileReference; lastKnownFileType = sourcecode.swift; path = Video.swift; sourceTree = "<group>"; };
		F5D528082B8327EF008A0335 /* MovieCollectionViewCell.xib */ = {isa = PBXFileReference; fileEncoding = 4; lastKnownFileType = file.xib; path = MovieCollectionViewCell.xib; sourceTree = "<group>"; };
		F5D528092B8327EF008A0335 /* MovieCollectionViewCell.swift */ = {isa = PBXFileReference; fileEncoding = 4; lastKnownFileType = sourcecode.swift; path = MovieCollectionViewCell.swift; sourceTree = "<group>"; };
		F5D528112B832973008A0335 /* ReuseableHeaderView.swift */ = {isa = PBXFileReference; fileEncoding = 4; lastKnownFileType = sourcecode.swift; path = ReuseableHeaderView.swift; sourceTree = "<group>"; };
		F5D528122B832973008A0335 /* ReuseableHeaderView.xib */ = {isa = PBXFileReference; fileEncoding = 4; lastKnownFileType = file.xib; path = ReuseableHeaderView.xib; sourceTree = "<group>"; };
/* End PBXFileReference section */

/* Begin PBXFrameworksBuildPhase section */
		F5D527CF2B831785008A0335 /* Frameworks */ = {
			isa = PBXFrameworksBuildPhase;
			buildActionMask = 2147483647;
			files = (
			);
			runOnlyForDeploymentPostprocessing = 0;
		};
/* End PBXFrameworksBuildPhase section */

/* Begin PBXGroup section */
		F5D527C92B831785008A0335 = {
			isa = PBXGroup;
			children = (
				F5D527D42B831785008A0335 /* DraggableFloatingVideoPlayerSwift */,
				F5D527D32B831785008A0335 /* Products */,
			);
			sourceTree = "<group>";
		};
		F5D527D32B831785008A0335 /* Products */ = {
			isa = PBXGroup;
			children = (
				F5D527D22B831785008A0335 /* DraggableFloatingVideoPlayerSwift.app */,
			);
			name = Products;
			sourceTree = "<group>";
		};
		F5D527D42B831785008A0335 /* DraggableFloatingVideoPlayerSwift */ = {
			isa = PBXGroup;
			children = (
				F5D527E92B831827008A0335 /* App */,
				F5D528032B831DC2008A0335 /* Model */,
				F5D528062B8327D8008A0335 /* Views */,
				F5D527EC2B831878008A0335 /* Controller */,
				F5D527ED2B831A42008A0335 /* Player */,
				F5D527EA2B831831008A0335 /* Storyboard */,
				F5D527EB2B83183E008A0335 /* Support Files */,
			);
			path = DraggableFloatingVideoPlayerSwift;
			sourceTree = "<group>";
		};
		F5D527E92B831827008A0335 /* App */ = {
			isa = PBXGroup;
			children = (
				F5D527D52B831785008A0335 /* AppDelegate.swift */,
				F5D527D72B831785008A0335 /* SceneDelegate.swift */,
			);
			path = App;
			sourceTree = "<group>";
		};
		F5D527EA2B831831008A0335 /* Storyboard */ = {
			isa = PBXGroup;
			children = (
				F5D527DB2B831785008A0335 /* Main.storyboard */,
				F5D527E02B831786008A0335 /* LaunchScreen.storyboard */,
			);
			path = Storyboard;
			sourceTree = "<group>";
		};
		F5D527EB2B83183E008A0335 /* Support Files */ = {
			isa = PBXGroup;
			children = (
				F5D527DE2B831786008A0335 /* Assets.xcassets */,
				F5D527E32B831786008A0335 /* Info.plist */,
			);
			path = "Support Files";
			sourceTree = "<group>";
		};
		F5D527EC2B831878008A0335 /* Controller */ = {
			isa = PBXGroup;
			children = (
				F5D527D92B831785008A0335 /* ViewController.swift */,
				F5B2BE9E2B833F63008E6FC7 /* DetailViewController.swift */,
			);
			path = Controller;
			sourceTree = "<group>";
		};
		F5D527ED2B831A42008A0335 /* Player */ = {
			isa = PBXGroup;
			children = (
				F5D527EE2B831A7D008A0335 /* CustomProgressSlider.swift */,
				F5D527F02B831A89008A0335 /* PlayerView.swift */,
				F5D527F22B831AA6008A0335 /* YTFAnimation.swift */,
				F5D527F42B831AD4008A0335 /* YTFPlayerControls.swift */,
				F5D527F62B831AEF008A0335 /* YTFPopupCloseButton.swift */,
				F5D527F82B831B03008A0335 /* YTFPlayer.swift */,
				F5D527FA2B831B1A008A0335 /* YTFViewController.swift */,
				F5D527FC2B831C13008A0335 /* YTFViewController.xib */,
			);
			path = Player;
			sourceTree = "<group>";
		};
		F5D527FE2B831D7C008A0335 /* TVCell */ = {
			isa = PBXGroup;
			children = (
				F5D527FF2B831D92008A0335 /* VideoCell.swift */,
				F5D528002B831D92008A0335 /* VideoCell.xib */,
			);
			path = TVCell;
			sourceTree = "<group>";
		};
		F5D528032B831DC2008A0335 /* Model */ = {
			isa = PBXGroup;
			children = (
				F5D528042B831DD5008A0335 /* Video.swift */,
			);
			path = Model;
			sourceTree = "<group>";
		};
		F5D528062B8327D8008A0335 /* Views */ = {
			isa = PBXGroup;
			children = (
				F5D528102B832948008A0335 /* Header */,
				F5D528072B8327DF008A0335 /* CVCell */,
				F5D527FE2B831D7C008A0335 /* TVCell */,
			);
			path = Views;
			sourceTree = "<group>";
		};
		F5D528072B8327DF008A0335 /* CVCell */ = {
			isa = PBXGroup;
			children = (
				F5D528092B8327EF008A0335 /* MovieCollectionViewCell.swift */,
				F5D528082B8327EF008A0335 /* MovieCollectionViewCell.xib */,
			);
			path = CVCell;
			sourceTree = "<group>";
		};
		F5D528102B832948008A0335 /* Header */ = {
			isa = PBXGroup;
			children = (
				F5D528112B832973008A0335 /* ReuseableHeaderView.swift */,
				F5D528122B832973008A0335 /* ReuseableHeaderView.xib */,
			);
			path = Header;
			sourceTree = "<group>";
		};
/* End PBXGroup section */

/* Begin PBXNativeTarget section */
		F5D527D12B831785008A0335 /* DraggableFloatingVideoPlayerSwift */ = {
			isa = PBXNativeTarget;
			buildConfigurationList = F5D527E62B831786008A0335 /* Build configuration list for PBXNativeTarget "DraggableFloatingVideoPlayerSwift" */;
			buildPhases = (
				F5D527CE2B831785008A0335 /* Sources */,
				F5D527CF2B831785008A0335 /* Frameworks */,
				F5D527D02B831785008A0335 /* Resources */,
			);
			buildRules = (
			);
			dependencies = (
			);
			name = DraggableFloatingVideoPlayerSwift;
			productName = DraggableFloatingVideoPlayerSwift;
			productReference = F5D527D22B831785008A0335 /* DraggableFloatingVideoPlayerSwift.app */;
			productType = "com.apple.product-type.application";
		};
/* End PBXNativeTarget section */

/* Begin PBXProject section */
		F5D527CA2B831785008A0335 /* Project object */ = {
			isa = PBXProject;
			attributes = {
				BuildIndependentTargetsInParallel = 1;
				LastSwiftUpdateCheck = 1520;
				LastUpgradeCheck = 1520;
				TargetAttributes = {
					F5D527D12B831785008A0335 = {
						CreatedOnToolsVersion = 15.2;
					};
				};
			};
			buildConfigurationList = F5D527CD2B831785008A0335 /* Build configuration list for PBXProject "DraggableFloatingVideoPlayerSwift" */;
			compatibilityVersion = "Xcode 14.0";
			developmentRegion = en;
			hasScannedForEncodings = 0;
			knownRegions = (
				en,
				Base,
			);
			mainGroup = F5D527C92B831785008A0335;
			productRefGroup = F5D527D32B831785008A0335 /* Products */;
			projectDirPath = "";
			projectRoot = "";
			targets = (
				F5D527D12B831785008A0335 /* DraggableFloatingVideoPlayerSwift */,
			);
		};
/* End PBXProject section */

/* Begin PBXResourcesBuildPhase section */
		F5D527D02B831785008A0335 /* Resources */ = {
			isa = PBXResourcesBuildPhase;
			buildActionMask = 2147483647;
			files = (
				F5D528022B831D92008A0335 /* VideoCell.xib in Resources */,
				F5D527FD2B831C13008A0335 /* YTFViewController.xib in Resources */,
				F5D527E22B831786008A0335 /* LaunchScreen.storyboard in Resources */,
				F5D528142B832973008A0335 /* ReuseableHeaderView.xib in Resources */,
				F5D527DF2B831786008A0335 /* Assets.xcassets in Resources */,
				F5D527DD2B831785008A0335 /* Main.storyboard in Resources */,
				F5D5280A2B8327EF008A0335 /* MovieCollectionViewCell.xib in Resources */,
			);
			runOnlyForDeploymentPostprocessing = 0;
		};
/* End PBXResourcesBuildPhase section */

/* Begin PBXSourcesBuildPhase section */
		F5D527CE2B831785008A0335 /* Sources */ = {
			isa = PBXSourcesBuildPhase;
			buildActionMask = 2147483647;
			files = (
				F5D527F92B831B03008A0335 /* YTFPlayer.swift in Sources */,
				F5D5280B2B8327EF008A0335 /* MovieCollectionViewCell.swift in Sources */,
				F5D528052B831DD5008A0335 /* Video.swift in Sources */,
				F5D527F32B831AA6008A0335 /* YTFAnimation.swift in Sources */,
				F5D527EF2B831A7D008A0335 /* CustomProgressSlider.swift in Sources */,
				F5D527F52B831AD4008A0335 /* YTFPlayerControls.swift in Sources */,
				F5D527DA2B831785008A0335 /* ViewController.swift in Sources */,
				F5D527D62B831785008A0335 /* AppDelegate.swift in Sources */,
				F5D528132B832973008A0335 /* ReuseableHeaderView.swift in Sources */,
				F5D527F72B831AEF008A0335 /* YTFPopupCloseButton.swift in Sources */,
				F5D528012B831D92008A0335 /* VideoCell.swift in Sources */,
				F5D527F12B831A89008A0335 /* PlayerView.swift in Sources */,
				F5B2BE9F2B833F63008E6FC7 /* DetailViewController.swift in Sources */,
				F5D527FB2B831B1A008A0335 /* YTFViewController.swift in Sources */,
				F5D527D82B831785008A0335 /* SceneDelegate.swift in Sources */,
			);
			runOnlyForDeploymentPostprocessing = 0;
		};
/* End PBXSourcesBuildPhase section */

/* Begin PBXVariantGroup section */
		F5D527DB2B831785008A0335 /* Main.storyboard */ = {
			isa = PBXVariantGroup;
			children = (
				F5D527DC2B831785008A0335 /* Base */,
			);
			name = Main.storyboard;
			sourceTree = "<group>";
		};
		F5D527E02B831786008A0335 /* LaunchScreen.storyboard */ = {
			isa = PBXVariantGroup;
			children = (
				F5D527E12B831786008A0335 /* Base */,
			);
			name = LaunchScreen.storyboard;
			sourceTree = "<group>";
		};
/* End PBXVariantGroup section */

/* Begin XCBuildConfiguration section */
		F5D527E42B831786008A0335 /* Debug */ = {
			isa = XCBuildConfiguration;
			buildSettings = {
				ALWAYS_SEARCH_USER_PATHS = NO;
				ASSETCATALOG_COMPILER_GENERATE_SWIFT_ASSET_SYMBOL_EXTENSIONS = YES;
				CLANG_ANALYZER_NONNULL = YES;
				CLANG_ANALYZER_NUMBER_OBJECT_CONVERSION = YES_AGGRESSIVE;
				CLANG_CXX_LANGUAGE_STANDARD = "gnu++20";
				CLANG_ENABLE_MODULES = YES;
				CLANG_ENABLE_OBJC_ARC = YES;
				CLANG_ENABLE_OBJC_WEAK = YES;
				CLANG_WARN_BLOCK_CAPTURE_AUTORELEASING = YES;
				CLANG_WARN_BOOL_CONVERSION = YES;
				CLANG_WARN_COMMA = YES;
				CLANG_WARN_CONSTANT_CONVERSION = YES;
				CLANG_WARN_DEPRECATED_OBJC_IMPLEMENTATIONS = YES;
				CLANG_WARN_DIRECT_OBJC_ISA_USAGE = YES_ERROR;
				CLANG_WARN_DOCUMENTATION_COMMENTS = YES;
				CLANG_WARN_EMPTY_BODY = YES;
				CLANG_WARN_ENUM_CONVERSION = YES;
				CLANG_WARN_INFINITE_RECURSION = YES;
				CLANG_WARN_INT_CONVERSION = YES;
				CLANG_WARN_NON_LITERAL_NULL_CONVERSION = YES;
				CLANG_WARN_OBJC_IMPLICIT_RETAIN_SELF = YES;
				CLANG_WARN_OBJC_LITERAL_CONVERSION = YES;
				CLANG_WARN_OBJC_ROOT_CLASS = YES_ERROR;
				CLANG_WARN_QUOTED_INCLUDE_IN_FRAMEWORK_HEADER = YES;
				CLANG_WARN_RANGE_LOOP_ANALYSIS = YES;
				CLANG_WARN_STRICT_PROTOTYPES = YES;
				CLANG_WARN_SUSPICIOUS_MOVE = YES;
				CLANG_WARN_UNGUARDED_AVAILABILITY = YES_AGGRESSIVE;
				CLANG_WARN_UNREACHABLE_CODE = YES;
				CLANG_WARN__DUPLICATE_METHOD_MATCH = YES;
				COPY_PHASE_STRIP = NO;
				DEBUG_INFORMATION_FORMAT = dwarf;
				ENABLE_STRICT_OBJC_MSGSEND = YES;
				ENABLE_TESTABILITY = YES;
				ENABLE_USER_SCRIPT_SANDBOXING = YES;
				GCC_C_LANGUAGE_STANDARD = gnu17;
				GCC_DYNAMIC_NO_PIC = NO;
				GCC_NO_COMMON_BLOCKS = YES;
				GCC_OPTIMIZATION_LEVEL = 0;
				GCC_PREPROCESSOR_DEFINITIONS = (
					"DEBUG=1",
					"$(inherited)",
				);
				GCC_WARN_64_TO_32_BIT_CONVERSION = YES;
				GCC_WARN_ABOUT_RETURN_TYPE = YES_ERROR;
				GCC_WARN_UNDECLARED_SELECTOR = YES;
				GCC_WARN_UNINITIALIZED_AUTOS = YES_AGGRESSIVE;
				GCC_WARN_UNUSED_FUNCTION = YES;
				GCC_WARN_UNUSED_VARIABLE = YES;
				IPHONEOS_DEPLOYMENT_TARGET = 17.2;
				LOCALIZATION_PREFERS_STRING_CATALOGS = YES;
				MTL_ENABLE_DEBUG_INFO = INCLUDE_SOURCE;
				MTL_FAST_MATH = YES;
				ONLY_ACTIVE_ARCH = YES;
				SDKROOT = iphoneos;
				SWIFT_ACTIVE_COMPILATION_CONDITIONS = "DEBUG $(inherited)";
				SWIFT_OPTIMIZATION_LEVEL = "-Onone";
			};
			name = Debug;
		};
		F5D527E52B831786008A0335 /* Release */ = {
			isa = XCBuildConfiguration;
			buildSettings = {
				ALWAYS_SEARCH_USER_PATHS = NO;
				ASSETCATALOG_COMPILER_GENERATE_SWIFT_ASSET_SYMBOL_EXTENSIONS = YES;
				CLANG_ANALYZER_NONNULL = YES;
				CLANG_ANALYZER_NUMBER_OBJECT_CONVERSION = YES_AGGRESSIVE;
				CLANG_CXX_LANGUAGE_STANDARD = "gnu++20";
				CLANG_ENABLE_MODULES = YES;
				CLANG_ENABLE_OBJC_ARC = YES;
				CLANG_ENABLE_OBJC_WEAK = YES;
				CLANG_WARN_BLOCK_CAPTURE_AUTORELEASING = YES;
				CLANG_WARN_BOOL_CONVERSION = YES;
				CLANG_WARN_COMMA = YES;
				CLANG_WARN_CONSTANT_CONVERSION = YES;
				CLANG_WARN_DEPRECATED_OBJC_IMPLEMENTATIONS = YES;
				CLANG_WARN_DIRECT_OBJC_ISA_USAGE = YES_ERROR;
				CLANG_WARN_DOCUMENTATION_COMMENTS = YES;
				CLANG_WARN_EMPTY_BODY = YES;
				CLANG_WARN_ENUM_CONVERSION = YES;
				CLANG_WARN_INFINITE_RECURSION = YES;
				CLANG_WARN_INT_CONVERSION = YES;
				CLANG_WARN_NON_LITERAL_NULL_CONVERSION = YES;
				CLANG_WARN_OBJC_IMPLICIT_RETAIN_SELF = YES;
				CLANG_WARN_OBJC_LITERAL_CONVERSION = YES;
				CLANG_WARN_OBJC_ROOT_CLASS = YES_ERROR;
				CLANG_WARN_QUOTED_INCLUDE_IN_FRAMEWORK_HEADER = YES;
				CLANG_WARN_RANGE_LOOP_ANALYSIS = YES;
				CLANG_WARN_STRICT_PROTOTYPES = YES;
				CLANG_WARN_SUSPICIOUS_MOVE = YES;
				CLANG_WARN_UNGUARDED_AVAILABILITY = YES_AGGRESSIVE;
				CLANG_WARN_UNREACHABLE_CODE = YES;
				CLANG_WARN__DUPLICATE_METHOD_MATCH = YES;
				COPY_PHASE_STRIP = NO;
				DEBUG_INFORMATION_FORMAT = "dwarf-with-dsym";
				ENABLE_NS_ASSERTIONS = NO;
				ENABLE_STRICT_OBJC_MSGSEND = YES;
				ENABLE_USER_SCRIPT_SANDBOXING = YES;
				GCC_C_LANGUAGE_STANDARD = gnu17;
				GCC_NO_COMMON_BLOCKS = YES;
				GCC_WARN_64_TO_32_BIT_CONVERSION = YES;
				GCC_WARN_ABOUT_RETURN_TYPE = YES_ERROR;
				GCC_WARN_UNDECLARED_SELECTOR = YES;
				GCC_WARN_UNINITIALIZED_AUTOS = YES_AGGRESSIVE;
				GCC_WARN_UNUSED_FUNCTION = YES;
				GCC_WARN_UNUSED_VARIABLE = YES;
				IPHONEOS_DEPLOYMENT_TARGET = 17.2;
				LOCALIZATION_PREFERS_STRING_CATALOGS = YES;
				MTL_ENABLE_DEBUG_INFO = NO;
				MTL_FAST_MATH = YES;
				SDKROOT = iphoneos;
				SWIFT_COMPILATION_MODE = wholemodule;
				VALIDATE_PRODUCT = YES;
			};
			name = Release;
		};
		F5D527E72B831786008A0335 /* Debug */ = {
			isa = XCBuildConfiguration;
			buildSettings = {
				ASSETCATALOG_COMPILER_APPICON_NAME = AppIcon;
				ASSETCATALOG_COMPILER_GLOBAL_ACCENT_COLOR_NAME = AccentColor;
				CODE_SIGN_STYLE = Automatic;
				CURRENT_PROJECT_VERSION = 1;
				GENERATE_INFOPLIST_FILE = YES;
				INFOPLIST_FILE = "DraggableFloatingVideoPlayerSwift/Support Files/Info.plist";
				INFOPLIST_KEY_UIApplicationSupportsIndirectInputEvents = YES;
				INFOPLIST_KEY_UILaunchStoryboardName = LaunchScreen;
				INFOPLIST_KEY_UIMainStoryboardFile = Main;
				INFOPLIST_KEY_UISupportedInterfaceOrientations_iPad = "UIInterfaceOrientationPortrait UIInterfaceOrientationPortraitUpsideDown UIInterfaceOrientationLandscapeLeft UIInterfaceOrientationLandscapeRight";
				INFOPLIST_KEY_UISupportedInterfaceOrientations_iPhone = "UIInterfaceOrientationPortrait UIInterfaceOrientationLandscapeLeft UIInterfaceOrientationLandscapeRight";
				IPHONEOS_DEPLOYMENT_TARGET = 15.0;
				LD_RUNPATH_SEARCH_PATHS = (
					"$(inherited)",
					"@executable_path/Frameworks",
				);
				MARKETING_VERSION = 1.0;
				PRODUCT_BUNDLE_IDENTIFIER = com.khaled.DraggableFloatingVideoPlayerSwift;
				PRODUCT_NAME = "$(TARGET_NAME)";
				SWIFT_EMIT_LOC_STRINGS = YES;
				SWIFT_VERSION = 5.0;
				TARGETED_DEVICE_FAMILY = "1,2";
			};
			name = Debug;
		};
		F5D527E82B831786008A0335 /* Release */ = {
			isa = XCBuildConfiguration;
			buildSettings = {
				ASSETCATALOG_COMPILER_APPICON_NAME = AppIcon;
				ASSETCATALOG_COMPILER_GLOBAL_ACCENT_COLOR_NAME = AccentColor;
				CODE_SIGN_STYLE = Automatic;
				CURRENT_PROJECT_VERSION = 1;
				GENERATE_INFOPLIST_FILE = YES;
				INFOPLIST_FILE = "DraggableFloatingVideoPlayerSwift/Support Files/Info.plist";
				INFOPLIST_KEY_UIApplicationSupportsIndirectInputEvents = YES;
				INFOPLIST_KEY_UILaunchStoryboardName = LaunchScreen;
				INFOPLIST_KEY_UIMainStoryboardFile = Main;
				INFOPLIST_KEY_UISupportedInterfaceOrientations_iPad = "UIInterfaceOrientationPortrait UIInterfaceOrientationPortraitUpsideDown UIInterfaceOrientationLandscapeLeft UIInterfaceOrientationLandscapeRight";
				INFOPLIST_KEY_UISupportedInterfaceOrientations_iPhone = "UIInterfaceOrientationPortrait UIInterfaceOrientationLandscapeLeft UIInterfaceOrientationLandscapeRight";
				IPHONEOS_DEPLOYMENT_TARGET = 15.0;
				LD_RUNPATH_SEARCH_PATHS = (
					"$(inherited)",
					"@executable_path/Frameworks",
				);
				MARKETING_VERSION = 1.0;
				PRODUCT_BUNDLE_IDENTIFIER = com.khaled.DraggableFloatingVideoPlayerSwift;
				PRODUCT_NAME = "$(TARGET_NAME)";
				SWIFT_EMIT_LOC_STRINGS = YES;
				SWIFT_VERSION = 5.0;
				TARGETED_DEVICE_FAMILY = "1,2";
			};
			name = Release;
		};
/* End XCBuildConfiguration section */

/* Begin XCConfigurationList section */
		F5D527CD2B831785008A0335 /* Build configuration list for PBXProject "DraggableFloatingVideoPlayerSwift" */ = {
			isa = XCConfigurationList;
			buildConfigurations = (
				F5D527E42B831786008A0335 /* Debug */,
				F5D527E52B831786008A0335 /* Release */,
			);
			defaultConfigurationIsVisible = 0;
			defaultConfigurationName = Release;
		};
		F5D527E62B831786008A0335 /* Build configuration list for PBXNativeTarget "DraggableFloatingVideoPlayerSwift" */ = {
			isa = XCConfigurationList;
			buildConfigurations = (
				F5D527E72B831786008A0335 /* Debug */,
				F5D527E82B831786008A0335 /* Release */,
			);
			defaultConfigurationIsVisible = 0;
			defaultConfigurationName = Release;
		};
/* End XCConfigurationList section */
	};
	rootObject = F5D527CA2B831785008A0335 /* Project object */;
}
